// !$*UTF8*$!
{
	archiveVersion = 1;
	classes = {
	};
	objectVersion = 56;
	objects = {

/* Begin PBXBuildFile section */
		2B3598DD2C11C01D00EDBA3C /* GameScene.swift in Sources */ = {isa = PBXBuildFile; fileRef = 2B3598DC2C11C01D00EDBA3C /* GameScene.swift */; };
		2B3598DF2C11C10600EDBA3C /* AnalogJoystick.swift in Sources */ = {isa = PBXBuildFile; fileRef = 2B3598DE2C11C10600EDBA3C /* AnalogJoystick.swift */; };
		2B3598E42C11C39F00EDBA3C /* OnboardingView.swift in Sources */ = {isa = PBXBuildFile; fileRef = 2B3598E32C11C39F00EDBA3C /* OnboardingView.swift */; };
		2B3598E62C11C47600EDBA3C /* InGameView.swift in Sources */ = {isa = PBXBuildFile; fileRef = 2B3598E52C11C47600EDBA3C /* InGameView.swift */; };
		2B35999E2C283A2C00EDBA3C /* WeaponModel.swift in Sources */ = {isa = PBXBuildFile; fileRef = 2B35999D2C283A2C00EDBA3C /* WeaponModel.swift */; };
		2B3599A02C283A3600EDBA3C /* SkillModel.swift in Sources */ = {isa = PBXBuildFile; fileRef = 2B35999F2C283A3600EDBA3C /* SkillModel.swift */; };
		8B8FF0612C19450500BE749B /* GameCenterManager.swift in Sources */ = {isa = PBXBuildFile; fileRef = 8B8FF0602C19450500BE749B /* GameCenterManager.swift */; };
		8B8FF0682C1952B700BE749B /* Enum.swift in Sources */ = {isa = PBXBuildFile; fileRef = 8B8FF0672C1952B700BE749B /* Enum.swift */; };
		8B8FF06B2C19596F00BE749B /* (null) in Sources */ = {isa = PBXBuildFile; };
		8B8FF0732C1A950E00BE749B /* MultipeerConnectivityManager.swift in Sources */ = {isa = PBXBuildFile; fileRef = 8B8FF0722C1A950E00BE749B /* MultipeerConnectivityManager.swift */; };
		8BC9BCB12C25502B002403ED /* GameModel.swift in Sources */ = {isa = PBXBuildFile; fileRef = 8BC9BCB02C25502B002403ED /* GameModel.swift */; };
		8BC9BCB32C258B79002403ED /* characterViewModel.swift in Sources */ = {isa = PBXBuildFile; fileRef = 8BC9BCB22C258B79002403ED /* characterViewModel.swift */; };
		962D988E2C19655E00E38C85 /* ShopView.swift in Sources */ = {isa = PBXBuildFile; fileRef = 962D988D2C19655E00E38C85 /* ShopView.swift */; };
		962D98902C19690A00E38C85 /* LeaderboardView.swift in Sources */ = {isa = PBXBuildFile; fileRef = 962D988F2C19690A00E38C85 /* LeaderboardView.swift */; };
		969C3D892C1985F3007117C4 /* AveriaSerifLibre-Regular.ttf in Resources */ = {isa = PBXBuildFile; fileRef = 962D98912C196B0F00E38C85 /* AveriaSerifLibre-Regular.ttf */; };
		969C3DDC2C23EF8D007117C4 /* VariableManager.swift in Sources */ = {isa = PBXBuildFile; fileRef = 969C3DDB2C23EF8D007117C4 /* VariableManager.swift */; };
		A62619572C16BC2B00FF75F1 /* CharacterView.swift in Sources */ = {isa = PBXBuildFile; fileRef = A62619562C16BC2B00FF75F1 /* CharacterView.swift */; };
		A62619592C17F96400FF75F1 /* BackpackView.swift in Sources */ = {isa = PBXBuildFile; fileRef = A62619582C17F96400FF75F1 /* BackpackView.swift */; };
		A626195C2C188AC900FF75F1 /* buildingViewModel.swift in Sources */ = {isa = PBXBuildFile; fileRef = A626195B2C188AC900FF75F1 /* buildingViewModel.swift */; };
		A626195E2C188C1500FF75F1 /* menuViewModel.swift in Sources */ = {isa = PBXBuildFile; fileRef = A626195D2C188C1500FF75F1 /* menuViewModel.swift */; };
		A62619672C19690A00FF75F1 /* OptionView.swift in Sources */ = {isa = PBXBuildFile; fileRef = A62619662C19690A00FF75F1 /* OptionView.swift */; };
		A62619692C19802D00FF75F1 /* Character.swift in Sources */ = {isa = PBXBuildFile; fileRef = A62619682C19802D00FF75F1 /* Character.swift */; };
		A626196B2C19814D00FF75F1 /* SparksView.swift in Sources */ = {isa = PBXBuildFile; fileRef = A626196A2C19814D00FF75F1 /* SparksView.swift */; };
		A626196D2C199EBE00FF75F1 /* movementViewModel.swift in Sources */ = {isa = PBXBuildFile; fileRef = A626196C2C199EBE00FF75F1 /* movementViewModel.swift */; };
		A62619732C19A01D00FF75F1 /* basicAttackViewModel.swift in Sources */ = {isa = PBXBuildFile; fileRef = A62619722C19A01D00FF75F1 /* basicAttackViewModel.swift */; };
		A660D2842C0ECB6400D3A74F /* mini2App.swift in Sources */ = {isa = PBXBuildFile; fileRef = A660D2832C0ECB6400D3A74F /* mini2App.swift */; };
		A660D2862C0ECB6400D3A74F /* ContentView.swift in Sources */ = {isa = PBXBuildFile; fileRef = A660D2852C0ECB6400D3A74F /* ContentView.swift */; };
		A660D2882C0ECB6500D3A74F /* Assets.xcassets in Resources */ = {isa = PBXBuildFile; fileRef = A660D2872C0ECB6500D3A74F /* Assets.xcassets */; };
		A660D28B2C0ECB6500D3A74F /* Preview Assets.xcassets in Resources */ = {isa = PBXBuildFile; fileRef = A660D28A2C0ECB6500D3A74F /* Preview Assets.xcassets */; };
		A660D2952C0ECB6500D3A74F /* mini2Tests.swift in Sources */ = {isa = PBXBuildFile; fileRef = A660D2942C0ECB6500D3A74F /* mini2Tests.swift */; };
		A660D29F2C0ECB6500D3A74F /* mini2UITests.swift in Sources */ = {isa = PBXBuildFile; fileRef = A660D29E2C0ECB6500D3A74F /* mini2UITests.swift */; };
		A660D2A12C0ECB6500D3A74F /* mini2UITestsLaunchTests.swift in Sources */ = {isa = PBXBuildFile; fileRef = A660D2A02C0ECB6500D3A74F /* mini2UITestsLaunchTests.swift */; };
		A660D2C52C13202200D3A74F /* JollyLodger.ttf in Resources */ = {isa = PBXBuildFile; fileRef = A660D2C42C13202200D3A74F /* JollyLodger.ttf */; };
		A661374C2C229D3A00B6AC3D /* BattleScene.swift in Sources */ = {isa = PBXBuildFile; fileRef = A661374B2C229D3A00B6AC3D /* BattleScene.swift */; };
		A661374E2C23CDAB00B6AC3D /* VictoryView.swift in Sources */ = {isa = PBXBuildFile; fileRef = A661374D2C23CDAB00B6AC3D /* VictoryView.swift */; };
		A66137502C23D09500B6AC3D /* DefeatView.swift in Sources */ = {isa = PBXBuildFile; fileRef = A661374F2C23D09500B6AC3D /* DefeatView.swift */; };
		A66137522C23E13700B6AC3D /* QuestView.swift in Sources */ = {isa = PBXBuildFile; fileRef = A66137512C23E13700B6AC3D /* QuestView.swift */; };
		A661375A2C25333100B6AC3D /* Quest.swift in Sources */ = {isa = PBXBuildFile; fileRef = A66137592C25333100B6AC3D /* Quest.swift */; };
		A661375C2C27FFE600B6AC3D /* QuestFinishedView.swift in Sources */ = {isa = PBXBuildFile; fileRef = A661375B2C27FFE600B6AC3D /* QuestFinishedView.swift */; };
		A661375E2C284CB100B6AC3D /* skillAttackViewModel.swift in Sources */ = {isa = PBXBuildFile; fileRef = A661375D2C284CB100B6AC3D /* skillAttackViewModel.swift */; };
		A66137602C287D2700B6AC3D /* FoundView.swift in Sources */ = {isa = PBXBuildFile; fileRef = A661375F2C287D2700B6AC3D /* FoundView.swift */; };
		A68EE3932C29CCF200C74EE7 /* bossViewModel.swift in Sources */ = {isa = PBXBuildFile; fileRef = A68EE3922C29CCF200C74EE7 /* bossViewModel.swift */; };
/* End PBXBuildFile section */

/* Begin PBXContainerItemProxy section */
		A660D2912C0ECB6500D3A74F /* PBXContainerItemProxy */ = {
			isa = PBXContainerItemProxy;
			containerPortal = A660D2782C0ECB6400D3A74F /* Project object */;
			proxyType = 1;
			remoteGlobalIDString = A660D27F2C0ECB6400D3A74F;
			remoteInfo = mini2;
		};
		A660D29B2C0ECB6500D3A74F /* PBXContainerItemProxy */ = {
			isa = PBXContainerItemProxy;
			containerPortal = A660D2782C0ECB6400D3A74F /* Project object */;
			proxyType = 1;
			remoteGlobalIDString = A660D27F2C0ECB6400D3A74F;
			remoteInfo = mini2;
		};
/* End PBXContainerItemProxy section */

/* Begin PBXFileReference section */
		2B3598DC2C11C01D00EDBA3C /* GameScene.swift */ = {isa = PBXFileReference; lastKnownFileType = sourcecode.swift; path = GameScene.swift; sourceTree = "<group>"; };
		2B3598DE2C11C10600EDBA3C /* AnalogJoystick.swift */ = {isa = PBXFileReference; lastKnownFileType = sourcecode.swift; path = AnalogJoystick.swift; sourceTree = "<group>"; };
		2B3598E32C11C39F00EDBA3C /* OnboardingView.swift */ = {isa = PBXFileReference; lastKnownFileType = sourcecode.swift; path = OnboardingView.swift; sourceTree = "<group>"; };
		2B3598E52C11C47600EDBA3C /* InGameView.swift */ = {isa = PBXFileReference; lastKnownFileType = sourcecode.swift; path = InGameView.swift; sourceTree = "<group>"; };
		2B35999D2C283A2C00EDBA3C /* WeaponModel.swift */ = {isa = PBXFileReference; lastKnownFileType = sourcecode.swift; path = WeaponModel.swift; sourceTree = "<group>"; };
		2B35999F2C283A3600EDBA3C /* SkillModel.swift */ = {isa = PBXFileReference; lastKnownFileType = sourcecode.swift; path = SkillModel.swift; sourceTree = "<group>"; };
		8B8FF0602C19450500BE749B /* GameCenterManager.swift */ = {isa = PBXFileReference; lastKnownFileType = sourcecode.swift; path = GameCenterManager.swift; sourceTree = "<group>"; };
		8B8FF0662C1950CE00BE749B /* mini2.entitlements */ = {isa = PBXFileReference; lastKnownFileType = text.plist.entitlements; path = mini2.entitlements; sourceTree = "<group>"; };
		8B8FF0672C1952B700BE749B /* Enum.swift */ = {isa = PBXFileReference; lastKnownFileType = sourcecode.swift; path = Enum.swift; sourceTree = "<group>"; };
		8B8FF0722C1A950E00BE749B /* MultipeerConnectivityManager.swift */ = {isa = PBXFileReference; lastKnownFileType = sourcecode.swift; path = MultipeerConnectivityManager.swift; sourceTree = "<group>"; };
		8BC9BCB02C25502B002403ED /* GameModel.swift */ = {isa = PBXFileReference; lastKnownFileType = sourcecode.swift; name = GameModel.swift; path = mini2/Model/GameModel.swift; sourceTree = SOURCE_ROOT; };
		8BC9BCB22C258B79002403ED /* characterViewModel.swift */ = {isa = PBXFileReference; lastKnownFileType = sourcecode.swift; path = characterViewModel.swift; sourceTree = "<group>"; };
		962D988D2C19655E00E38C85 /* ShopView.swift */ = {isa = PBXFileReference; lastKnownFileType = sourcecode.swift; path = ShopView.swift; sourceTree = "<group>"; };
		962D988F2C19690A00E38C85 /* LeaderboardView.swift */ = {isa = PBXFileReference; lastKnownFileType = sourcecode.swift; path = LeaderboardView.swift; sourceTree = "<group>"; };
		962D98912C196B0F00E38C85 /* AveriaSerifLibre-Regular.ttf */ = {isa = PBXFileReference; lastKnownFileType = file; path = "AveriaSerifLibre-Regular.ttf"; sourceTree = "<group>"; };
		969C3DDB2C23EF8D007117C4 /* VariableManager.swift */ = {isa = PBXFileReference; fileEncoding = 4; lastKnownFileType = sourcecode.swift; path = VariableManager.swift; sourceTree = "<group>"; };
		A62619562C16BC2B00FF75F1 /* CharacterView.swift */ = {isa = PBXFileReference; lastKnownFileType = sourcecode.swift; path = CharacterView.swift; sourceTree = "<group>"; };
		A62619582C17F96400FF75F1 /* BackpackView.swift */ = {isa = PBXFileReference; lastKnownFileType = sourcecode.swift; path = BackpackView.swift; sourceTree = "<group>"; };
		A626195B2C188AC900FF75F1 /* buildingViewModel.swift */ = {isa = PBXFileReference; lastKnownFileType = sourcecode.swift; path = buildingViewModel.swift; sourceTree = "<group>"; };
		A626195D2C188C1500FF75F1 /* menuViewModel.swift */ = {isa = PBXFileReference; lastKnownFileType = sourcecode.swift; path = menuViewModel.swift; sourceTree = "<group>"; };
		A62619662C19690A00FF75F1 /* OptionView.swift */ = {isa = PBXFileReference; lastKnownFileType = sourcecode.swift; path = OptionView.swift; sourceTree = "<group>"; };
		A62619682C19802D00FF75F1 /* Character.swift */ = {isa = PBXFileReference; lastKnownFileType = sourcecode.swift; path = Character.swift; sourceTree = "<group>"; };
		A626196A2C19814D00FF75F1 /* SparksView.swift */ = {isa = PBXFileReference; lastKnownFileType = sourcecode.swift; path = SparksView.swift; sourceTree = "<group>"; };
		A626196C2C199EBE00FF75F1 /* movementViewModel.swift */ = {isa = PBXFileReference; lastKnownFileType = sourcecode.swift; path = movementViewModel.swift; sourceTree = "<group>"; };
		A62619722C19A01D00FF75F1 /* basicAttackViewModel.swift */ = {isa = PBXFileReference; lastKnownFileType = sourcecode.swift; path = basicAttackViewModel.swift; sourceTree = "<group>"; };
		A660D2802C0ECB6400D3A74F /* mini2.app */ = {isa = PBXFileReference; explicitFileType = wrapper.application; includeInIndex = 0; path = mini2.app; sourceTree = BUILT_PRODUCTS_DIR; };
		A660D2832C0ECB6400D3A74F /* mini2App.swift */ = {isa = PBXFileReference; lastKnownFileType = sourcecode.swift; path = mini2App.swift; sourceTree = "<group>"; };
		A660D2852C0ECB6400D3A74F /* ContentView.swift */ = {isa = PBXFileReference; lastKnownFileType = sourcecode.swift; path = ContentView.swift; sourceTree = "<group>"; };
		A660D2872C0ECB6500D3A74F /* Assets.xcassets */ = {isa = PBXFileReference; lastKnownFileType = folder.assetcatalog; path = Assets.xcassets; sourceTree = "<group>"; };
		A660D28A2C0ECB6500D3A74F /* Preview Assets.xcassets */ = {isa = PBXFileReference; lastKnownFileType = folder.assetcatalog; path = "Preview Assets.xcassets"; sourceTree = "<group>"; };
		A660D2902C0ECB6500D3A74F /* mini2Tests.xctest */ = {isa = PBXFileReference; explicitFileType = wrapper.cfbundle; includeInIndex = 0; path = mini2Tests.xctest; sourceTree = BUILT_PRODUCTS_DIR; };
		A660D2942C0ECB6500D3A74F /* mini2Tests.swift */ = {isa = PBXFileReference; lastKnownFileType = sourcecode.swift; path = mini2Tests.swift; sourceTree = "<group>"; };
		A660D29A2C0ECB6500D3A74F /* mini2UITests.xctest */ = {isa = PBXFileReference; explicitFileType = wrapper.cfbundle; includeInIndex = 0; path = mini2UITests.xctest; sourceTree = BUILT_PRODUCTS_DIR; };
		A660D29E2C0ECB6500D3A74F /* mini2UITests.swift */ = {isa = PBXFileReference; lastKnownFileType = sourcecode.swift; path = mini2UITests.swift; sourceTree = "<group>"; };
		A660D2A02C0ECB6500D3A74F /* mini2UITestsLaunchTests.swift */ = {isa = PBXFileReference; lastKnownFileType = sourcecode.swift; path = mini2UITestsLaunchTests.swift; sourceTree = "<group>"; };
		A660D2C42C13202200D3A74F /* JollyLodger.ttf */ = {isa = PBXFileReference; lastKnownFileType = file; path = JollyLodger.ttf; sourceTree = "<group>"; };
		A660D2C62C13203400D3A74F /* Info.plist */ = {isa = PBXFileReference; lastKnownFileType = text.plist.xml; path = Info.plist; sourceTree = "<group>"; };
		A661374B2C229D3A00B6AC3D /* BattleScene.swift */ = {isa = PBXFileReference; lastKnownFileType = sourcecode.swift; path = BattleScene.swift; sourceTree = "<group>"; };
		A661374D2C23CDAB00B6AC3D /* VictoryView.swift */ = {isa = PBXFileReference; lastKnownFileType = sourcecode.swift; path = VictoryView.swift; sourceTree = "<group>"; };
		A661374F2C23D09500B6AC3D /* DefeatView.swift */ = {isa = PBXFileReference; lastKnownFileType = sourcecode.swift; path = DefeatView.swift; sourceTree = "<group>"; };
		A66137512C23E13700B6AC3D /* QuestView.swift */ = {isa = PBXFileReference; lastKnownFileType = sourcecode.swift; path = QuestView.swift; sourceTree = "<group>"; };
		A66137592C25333100B6AC3D /* Quest.swift */ = {isa = PBXFileReference; lastKnownFileType = sourcecode.swift; path = Quest.swift; sourceTree = "<group>"; };
		A661375B2C27FFE600B6AC3D /* QuestFinishedView.swift */ = {isa = PBXFileReference; lastKnownFileType = sourcecode.swift; path = QuestFinishedView.swift; sourceTree = "<group>"; };
		A661375D2C284CB100B6AC3D /* skillAttackViewModel.swift */ = {isa = PBXFileReference; lastKnownFileType = sourcecode.swift; path = skillAttackViewModel.swift; sourceTree = "<group>"; };
		A661375F2C287D2700B6AC3D /* FoundView.swift */ = {isa = PBXFileReference; lastKnownFileType = sourcecode.swift; path = FoundView.swift; sourceTree = "<group>"; };
		A68EE3922C29CCF200C74EE7 /* bossViewModel.swift */ = {isa = PBXFileReference; lastKnownFileType = sourcecode.swift; path = bossViewModel.swift; sourceTree = "<group>"; };
/* End PBXFileReference section */

/* Begin PBXFrameworksBuildPhase section */
		A660D27D2C0ECB6400D3A74F /* Frameworks */ = {
			isa = PBXFrameworksBuildPhase;
			buildActionMask = 2147483647;
			files = (
			);
			runOnlyForDeploymentPostprocessing = 0;
		};
		A660D28D2C0ECB6500D3A74F /* Frameworks */ = {
			isa = PBXFrameworksBuildPhase;
			buildActionMask = 2147483647;
			files = (
			);
			runOnlyForDeploymentPostprocessing = 0;
		};
		A660D2972C0ECB6500D3A74F /* Frameworks */ = {
			isa = PBXFrameworksBuildPhase;
			buildActionMask = 2147483647;
			files = (
			);
			runOnlyForDeploymentPostprocessing = 0;
		};
/* End PBXFrameworksBuildPhase section */

/* Begin PBXGroup section */
		2B3598DB2C11BFE600EDBA3C /* scene */ = {
			isa = PBXGroup;
			children = (
				2B3598DC2C11C01D00EDBA3C /* GameScene.swift */,
				A661374B2C229D3A00B6AC3D /* BattleScene.swift */,
			);
			path = scene;
			sourceTree = "<group>";
		};
		2B3598E22C11C37900EDBA3C /* component */ = {
			isa = PBXGroup;
			children = (
				2B3598DE2C11C10600EDBA3C /* AnalogJoystick.swift */,
			);
			path = component;
			sourceTree = "<group>";
		};
		2B3598E72C11CD8D00EDBA3C /* view */ = {
			isa = PBXGroup;
			children = (
				2B3598E22C11C37900EDBA3C /* component */,
				A660D2852C0ECB6400D3A74F /* ContentView.swift */,
				2B3598E32C11C39F00EDBA3C /* OnboardingView.swift */,
				2B3598E52C11C47600EDBA3C /* InGameView.swift */,
				A62619562C16BC2B00FF75F1 /* CharacterView.swift */,
				A62619582C17F96400FF75F1 /* BackpackView.swift */,
				962D988D2C19655E00E38C85 /* ShopView.swift */,
				962D988F2C19690A00E38C85 /* LeaderboardView.swift */,
				A62619662C19690A00FF75F1 /* OptionView.swift */,
				A626196A2C19814D00FF75F1 /* SparksView.swift */,
				A661374D2C23CDAB00B6AC3D /* VictoryView.swift */,
				A661374F2C23D09500B6AC3D /* DefeatView.swift */,
				A66137512C23E13700B6AC3D /* QuestView.swift */,
				A661375B2C27FFE600B6AC3D /* QuestFinishedView.swift */,
				A661375F2C287D2700B6AC3D /* FoundView.swift */,
			);
			path = view;
			sourceTree = "<group>";
		};
		8B8FF05F2C19442300BE749B /* MultiplayerConnectivity */ = {
			isa = PBXGroup;
			children = (
				8B8FF0602C19450500BE749B /* GameCenterManager.swift */,
				8B8FF0672C1952B700BE749B /* Enum.swift */,
				8B8FF0722C1A950E00BE749B /* MultipeerConnectivityManager.swift */,
			);
			path = MultiplayerConnectivity;
			sourceTree = "<group>";
		};
		A626195A2C188A9400FF75F1 /* viewModel */ = {
			isa = PBXGroup;
			children = (
				A626195B2C188AC900FF75F1 /* buildingViewModel.swift */,
				A626195D2C188C1500FF75F1 /* menuViewModel.swift */,
				A626196C2C199EBE00FF75F1 /* movementViewModel.swift */,
				A62619722C19A01D00FF75F1 /* basicAttackViewModel.swift */,
				8BC9BCB22C258B79002403ED /* characterViewModel.swift */,
				A661375D2C284CB100B6AC3D /* skillAttackViewModel.swift */,
				A68EE3922C29CCF200C74EE7 /* bossViewModel.swift */,
			);
			path = viewModel;
			sourceTree = "<group>";
		};
		A626195F2C19514700FF75F1 /* model */ = {
			isa = PBXGroup;
			children = (
				A62619682C19802D00FF75F1 /* Character.swift */,
				A66137592C25333100B6AC3D /* Quest.swift */,
				2B35999D2C283A2C00EDBA3C /* WeaponModel.swift */,
				8BC9BCB02C25502B002403ED /* GameModel.swift */,
				2B35999F2C283A3600EDBA3C /* SkillModel.swift */,
			);
			path = model;
			sourceTree = "<group>";
		};
		A660D2772C0ECB6400D3A74F = {
			isa = PBXGroup;
			children = (
				A660D2822C0ECB6400D3A74F /* mini2 */,
				A660D2932C0ECB6500D3A74F /* mini2Tests */,
				A660D29D2C0ECB6500D3A74F /* mini2UITests */,
				A660D2812C0ECB6400D3A74F /* Products */,
			);
			sourceTree = "<group>";
		};
		A660D2812C0ECB6400D3A74F /* Products */ = {
			isa = PBXGroup;
			children = (
				A660D2802C0ECB6400D3A74F /* mini2.app */,
				A660D2902C0ECB6500D3A74F /* mini2Tests.xctest */,
				A660D29A2C0ECB6500D3A74F /* mini2UITests.xctest */,
			);
			name = Products;
			sourceTree = "<group>";
		};
		A660D2822C0ECB6400D3A74F /* mini2 */ = {
			isa = PBXGroup;
			children = (
				A626195F2C19514700FF75F1 /* model */,
				8B8FF0662C1950CE00BE749B /* mini2.entitlements */,
				8B8FF05F2C19442300BE749B /* MultiplayerConnectivity */,
				A660D2C62C13203400D3A74F /* Info.plist */,
				A660D2C02C131F7D00D3A74F /* helper */,
				A660D2C32C13201500D3A74F /* Font */,
				A626195A2C188A9400FF75F1 /* viewModel */,
				2B3598DB2C11BFE600EDBA3C /* scene */,
				A660D2832C0ECB6400D3A74F /* mini2App.swift */,
				2B3598E72C11CD8D00EDBA3C /* view */,
				A660D2872C0ECB6500D3A74F /* Assets.xcassets */,
				A660D2892C0ECB6500D3A74F /* Preview Content */,
			);
			path = mini2;
			sourceTree = "<group>";
		};
		A660D2892C0ECB6500D3A74F /* Preview Content */ = {
			isa = PBXGroup;
			children = (
				A660D28A2C0ECB6500D3A74F /* Preview Assets.xcassets */,
			);
			path = "Preview Content";
			sourceTree = "<group>";
		};
		A660D2932C0ECB6500D3A74F /* mini2Tests */ = {
			isa = PBXGroup;
			children = (
				A660D2942C0ECB6500D3A74F /* mini2Tests.swift */,
			);
			path = mini2Tests;
			sourceTree = "<group>";
		};
		A660D29D2C0ECB6500D3A74F /* mini2UITests */ = {
			isa = PBXGroup;
			children = (
				A660D29E2C0ECB6500D3A74F /* mini2UITests.swift */,
				A660D2A02C0ECB6500D3A74F /* mini2UITestsLaunchTests.swift */,
			);
			path = mini2UITests;
			sourceTree = "<group>";
		};
		A660D2C02C131F7D00D3A74F /* helper */ = {
			isa = PBXGroup;
			children = (
				969C3DDB2C23EF8D007117C4 /* VariableManager.swift */,
			);
			path = helper;
			sourceTree = "<group>";
		};
		A660D2C32C13201500D3A74F /* Font */ = {
			isa = PBXGroup;
			children = (
				A660D2C42C13202200D3A74F /* JollyLodger.ttf */,
				962D98912C196B0F00E38C85 /* AveriaSerifLibre-Regular.ttf */,
			);
			path = Font;
			sourceTree = "<group>";
		};
/* End PBXGroup section */

/* Begin PBXNativeTarget section */
		A660D27F2C0ECB6400D3A74F /* mini2 */ = {
			isa = PBXNativeTarget;
			buildConfigurationList = A660D2A42C0ECB6500D3A74F /* Build configuration list for PBXNativeTarget "mini2" */;
			buildPhases = (
				A660D27C2C0ECB6400D3A74F /* Sources */,
				A660D27D2C0ECB6400D3A74F /* Frameworks */,
				A660D27E2C0ECB6400D3A74F /* Resources */,
			);
			buildRules = (
			);
			dependencies = (
			);
			name = mini2;
			productName = mini2;
			productReference = A660D2802C0ECB6400D3A74F /* mini2.app */;
			productType = "com.apple.product-type.application";
		};
		A660D28F2C0ECB6500D3A74F /* mini2Tests */ = {
			isa = PBXNativeTarget;
			buildConfigurationList = A660D2A72C0ECB6500D3A74F /* Build configuration list for PBXNativeTarget "mini2Tests" */;
			buildPhases = (
				A660D28C2C0ECB6500D3A74F /* Sources */,
				A660D28D2C0ECB6500D3A74F /* Frameworks */,
				A660D28E2C0ECB6500D3A74F /* Resources */,
			);
			buildRules = (
			);
			dependencies = (
				A660D2922C0ECB6500D3A74F /* PBXTargetDependency */,
			);
			name = mini2Tests;
			productName = mini2Tests;
			productReference = A660D2902C0ECB6500D3A74F /* mini2Tests.xctest */;
			productType = "com.apple.product-type.bundle.unit-test";
		};
		A660D2992C0ECB6500D3A74F /* mini2UITests */ = {
			isa = PBXNativeTarget;
			buildConfigurationList = A660D2AA2C0ECB6500D3A74F /* Build configuration list for PBXNativeTarget "mini2UITests" */;
			buildPhases = (
				A660D2962C0ECB6500D3A74F /* Sources */,
				A660D2972C0ECB6500D3A74F /* Frameworks */,
				A660D2982C0ECB6500D3A74F /* Resources */,
			);
			buildRules = (
			);
			dependencies = (
				A660D29C2C0ECB6500D3A74F /* PBXTargetDependency */,
			);
			name = mini2UITests;
			productName = mini2UITests;
			productReference = A660D29A2C0ECB6500D3A74F /* mini2UITests.xctest */;
			productType = "com.apple.product-type.bundle.ui-testing";
		};
/* End PBXNativeTarget section */

/* Begin PBXProject section */
		A660D2782C0ECB6400D3A74F /* Project object */ = {
			isa = PBXProject;
			attributes = {
				BuildIndependentTargetsInParallel = 1;
				LastSwiftUpdateCheck = 1530;
				LastUpgradeCheck = 1530;
				TargetAttributes = {
					A660D27F2C0ECB6400D3A74F = {
						CreatedOnToolsVersion = 15.3;
					};
					A660D28F2C0ECB6500D3A74F = {
						CreatedOnToolsVersion = 15.3;
						TestTargetID = A660D27F2C0ECB6400D3A74F;
					};
					A660D2992C0ECB6500D3A74F = {
						CreatedOnToolsVersion = 15.3;
						TestTargetID = A660D27F2C0ECB6400D3A74F;
					};
				};
			};
			buildConfigurationList = A660D27B2C0ECB6400D3A74F /* Build configuration list for PBXProject "mini2" */;
			compatibilityVersion = "Xcode 14.0";
			developmentRegion = en;
			hasScannedForEncodings = 0;
			knownRegions = (
				en,
				Base,
			);
			mainGroup = A660D2772C0ECB6400D3A74F;
			productRefGroup = A660D2812C0ECB6400D3A74F /* Products */;
			projectDirPath = "";
			projectRoot = "";
			targets = (
				A660D27F2C0ECB6400D3A74F /* mini2 */,
				A660D28F2C0ECB6500D3A74F /* mini2Tests */,
				A660D2992C0ECB6500D3A74F /* mini2UITests */,
			);
		};
/* End PBXProject section */

/* Begin PBXResourcesBuildPhase section */
		A660D27E2C0ECB6400D3A74F /* Resources */ = {
			isa = PBXResourcesBuildPhase;
			buildActionMask = 2147483647;
			files = (
				A660D28B2C0ECB6500D3A74F /* Preview Assets.xcassets in Resources */,
				A660D2C52C13202200D3A74F /* JollyLodger.ttf in Resources */,
				969C3D892C1985F3007117C4 /* AveriaSerifLibre-Regular.ttf in Resources */,
				A660D2882C0ECB6500D3A74F /* Assets.xcassets in Resources */,
			);
			runOnlyForDeploymentPostprocessing = 0;
		};
		A660D28E2C0ECB6500D3A74F /* Resources */ = {
			isa = PBXResourcesBuildPhase;
			buildActionMask = 2147483647;
			files = (
			);
			runOnlyForDeploymentPostprocessing = 0;
		};
		A660D2982C0ECB6500D3A74F /* Resources */ = {
			isa = PBXResourcesBuildPhase;
			buildActionMask = 2147483647;
			files = (
			);
			runOnlyForDeploymentPostprocessing = 0;
		};
/* End PBXResourcesBuildPhase section */

/* Begin PBXSourcesBuildPhase section */
		A660D27C2C0ECB6400D3A74F /* Sources */ = {
			isa = PBXSourcesBuildPhase;
			buildActionMask = 2147483647;
			files = (
				8B8FF0612C19450500BE749B /* GameCenterManager.swift in Sources */,
				A66137602C287D2700B6AC3D /* FoundView.swift in Sources */,
				A62619592C17F96400FF75F1 /* BackpackView.swift in Sources */,
				8BC9BCB12C25502B002403ED /* GameModel.swift in Sources */,
				A661375A2C25333100B6AC3D /* Quest.swift in Sources */,
				2B3598DD2C11C01D00EDBA3C /* GameScene.swift in Sources */,
				2B35999E2C283A2C00EDBA3C /* WeaponModel.swift in Sources */,
				A661375C2C27FFE600B6AC3D /* QuestFinishedView.swift in Sources */,
				2B3598DF2C11C10600EDBA3C /* AnalogJoystick.swift in Sources */,
				A62619692C19802D00FF75F1 /* Character.swift in Sources */,
				A626196B2C19814D00FF75F1 /* SparksView.swift in Sources */,
				A626196D2C199EBE00FF75F1 /* movementViewModel.swift in Sources */,
				A661374C2C229D3A00B6AC3D /* BattleScene.swift in Sources */,
				A68EE3932C29CCF200C74EE7 /* bossViewModel.swift in Sources */,
				A661375E2C284CB100B6AC3D /* skillAttackViewModel.swift in Sources */,
				8B8FF0682C1952B700BE749B /* Enum.swift in Sources */,
				A626195E2C188C1500FF75F1 /* menuViewModel.swift in Sources */,
				2B3599A02C283A3600EDBA3C /* SkillModel.swift in Sources */,
				A62619732C19A01D00FF75F1 /* basicAttackViewModel.swift in Sources */,
				962D98902C19690A00E38C85 /* LeaderboardView.swift in Sources */,
				A660D2862C0ECB6400D3A74F /* ContentView.swift in Sources */,
				8B8FF06B2C19596F00BE749B /* (null) in Sources */,
				A661374E2C23CDAB00B6AC3D /* VictoryView.swift in Sources */,
				969C3DDC2C23EF8D007117C4 /* VariableManager.swift in Sources */,
				2B3598E62C11C47600EDBA3C /* InGameView.swift in Sources */,
				2B3598E42C11C39F00EDBA3C /* OnboardingView.swift in Sources */,
				A626195C2C188AC900FF75F1 /* buildingViewModel.swift in Sources */,
				A66137502C23D09500B6AC3D /* DefeatView.swift in Sources */,
				A660D2842C0ECB6400D3A74F /* mini2App.swift in Sources */,
				A66137522C23E13700B6AC3D /* QuestView.swift in Sources */,
				962D988E2C19655E00E38C85 /* ShopView.swift in Sources */,
				A62619672C19690A00FF75F1 /* OptionView.swift in Sources */,
				8BC9BCB32C258B79002403ED /* characterViewModel.swift in Sources */,
				A62619572C16BC2B00FF75F1 /* CharacterView.swift in Sources */,
				8B8FF0732C1A950E00BE749B /* MultipeerConnectivityManager.swift in Sources */,
			);
			runOnlyForDeploymentPostprocessing = 0;
		};
		A660D28C2C0ECB6500D3A74F /* Sources */ = {
			isa = PBXSourcesBuildPhase;
			buildActionMask = 2147483647;
			files = (
				A660D2952C0ECB6500D3A74F /* mini2Tests.swift in Sources */,
			);
			runOnlyForDeploymentPostprocessing = 0;
		};
		A660D2962C0ECB6500D3A74F /* Sources */ = {
			isa = PBXSourcesBuildPhase;
			buildActionMask = 2147483647;
			files = (
				A660D2A12C0ECB6500D3A74F /* mini2UITestsLaunchTests.swift in Sources */,
				A660D29F2C0ECB6500D3A74F /* mini2UITests.swift in Sources */,
			);
			runOnlyForDeploymentPostprocessing = 0;
		};
/* End PBXSourcesBuildPhase section */

/* Begin PBXTargetDependency section */
		A660D2922C0ECB6500D3A74F /* PBXTargetDependency */ = {
			isa = PBXTargetDependency;
			target = A660D27F2C0ECB6400D3A74F /* mini2 */;
			targetProxy = A660D2912C0ECB6500D3A74F /* PBXContainerItemProxy */;
		};
		A660D29C2C0ECB6500D3A74F /* PBXTargetDependency */ = {
			isa = PBXTargetDependency;
			target = A660D27F2C0ECB6400D3A74F /* mini2 */;
			targetProxy = A660D29B2C0ECB6500D3A74F /* PBXContainerItemProxy */;
		};
/* End PBXTargetDependency section */

/* Begin XCBuildConfiguration section */
		A660D2A22C0ECB6500D3A74F /* Debug */ = {
			isa = XCBuildConfiguration;
			buildSettings = {
				ALWAYS_SEARCH_USER_PATHS = NO;
				ASSETCATALOG_COMPILER_GENERATE_SWIFT_ASSET_SYMBOL_EXTENSIONS = YES;
				CLANG_ANALYZER_NONNULL = YES;
				CLANG_ANALYZER_NUMBER_OBJECT_CONVERSION = YES_AGGRESSIVE;
				CLANG_CXX_LANGUAGE_STANDARD = "gnu++20";
				CLANG_ENABLE_MODULES = YES;
				CLANG_ENABLE_OBJC_ARC = YES;
				CLANG_ENABLE_OBJC_WEAK = YES;
				CLANG_WARN_BLOCK_CAPTURE_AUTORELEASING = YES;
				CLANG_WARN_BOOL_CONVERSION = YES;
				CLANG_WARN_COMMA = YES;
				CLANG_WARN_CONSTANT_CONVERSION = YES;
				CLANG_WARN_DEPRECATED_OBJC_IMPLEMENTATIONS = YES;
				CLANG_WARN_DIRECT_OBJC_ISA_USAGE = YES_ERROR;
				CLANG_WARN_DOCUMENTATION_COMMENTS = YES;
				CLANG_WARN_EMPTY_BODY = YES;
				CLANG_WARN_ENUM_CONVERSION = YES;
				CLANG_WARN_INFINITE_RECURSION = YES;
				CLANG_WARN_INT_CONVERSION = YES;
				CLANG_WARN_NON_LITERAL_NULL_CONVERSION = YES;
				CLANG_WARN_OBJC_IMPLICIT_RETAIN_SELF = YES;
				CLANG_WARN_OBJC_LITERAL_CONVERSION = YES;
				CLANG_WARN_OBJC_ROOT_CLASS = YES_ERROR;
				CLANG_WARN_QUOTED_INCLUDE_IN_FRAMEWORK_HEADER = YES;
				CLANG_WARN_RANGE_LOOP_ANALYSIS = YES;
				CLANG_WARN_STRICT_PROTOTYPES = YES;
				CLANG_WARN_SUSPICIOUS_MOVE = YES;
				CLANG_WARN_UNGUARDED_AVAILABILITY = YES_AGGRESSIVE;
				CLANG_WARN_UNREACHABLE_CODE = YES;
				CLANG_WARN__DUPLICATE_METHOD_MATCH = YES;
				COPY_PHASE_STRIP = NO;
				DEBUG_INFORMATION_FORMAT = dwarf;
				ENABLE_STRICT_OBJC_MSGSEND = YES;
				ENABLE_TESTABILITY = YES;
				ENABLE_USER_SCRIPT_SANDBOXING = YES;
				GCC_C_LANGUAGE_STANDARD = gnu17;
				GCC_DYNAMIC_NO_PIC = NO;
				GCC_NO_COMMON_BLOCKS = YES;
				GCC_OPTIMIZATION_LEVEL = 0;
				GCC_PREPROCESSOR_DEFINITIONS = (
					"DEBUG=1",
					"$(inherited)",
				);
				GCC_WARN_64_TO_32_BIT_CONVERSION = YES;
				GCC_WARN_ABOUT_RETURN_TYPE = YES_ERROR;
				GCC_WARN_UNDECLARED_SELECTOR = YES;
				GCC_WARN_UNINITIALIZED_AUTOS = YES_AGGRESSIVE;
				GCC_WARN_UNUSED_FUNCTION = YES;
				GCC_WARN_UNUSED_VARIABLE = YES;
				IPHONEOS_DEPLOYMENT_TARGET = 17.4;
				LOCALIZATION_PREFERS_STRING_CATALOGS = YES;
				MTL_ENABLE_DEBUG_INFO = INCLUDE_SOURCE;
				MTL_FAST_MATH = YES;
				ONLY_ACTIVE_ARCH = YES;
				SDKROOT = iphoneos;
				SWIFT_ACTIVE_COMPILATION_CONDITIONS = "DEBUG $(inherited)";
				SWIFT_OPTIMIZATION_LEVEL = "-Onone";
			};
			name = Debug;
		};
		A660D2A32C0ECB6500D3A74F /* Release */ = {
			isa = XCBuildConfiguration;
			buildSettings = {
				ALWAYS_SEARCH_USER_PATHS = NO;
				ASSETCATALOG_COMPILER_GENERATE_SWIFT_ASSET_SYMBOL_EXTENSIONS = YES;
				CLANG_ANALYZER_NONNULL = YES;
				CLANG_ANALYZER_NUMBER_OBJECT_CONVERSION = YES_AGGRESSIVE;
				CLANG_CXX_LANGUAGE_STANDARD = "gnu++20";
				CLANG_ENABLE_MODULES = YES;
				CLANG_ENABLE_OBJC_ARC = YES;
				CLANG_ENABLE_OBJC_WEAK = YES;
				CLANG_WARN_BLOCK_CAPTURE_AUTORELEASING = YES;
				CLANG_WARN_BOOL_CONVERSION = YES;
				CLANG_WARN_COMMA = YES;
				CLANG_WARN_CONSTANT_CONVERSION = YES;
				CLANG_WARN_DEPRECATED_OBJC_IMPLEMENTATIONS = YES;
				CLANG_WARN_DIRECT_OBJC_ISA_USAGE = YES_ERROR;
				CLANG_WARN_DOCUMENTATION_COMMENTS = YES;
				CLANG_WARN_EMPTY_BODY = YES;
				CLANG_WARN_ENUM_CONVERSION = YES;
				CLANG_WARN_INFINITE_RECURSION = YES;
				CLANG_WARN_INT_CONVERSION = YES;
				CLANG_WARN_NON_LITERAL_NULL_CONVERSION = YES;
				CLANG_WARN_OBJC_IMPLICIT_RETAIN_SELF = YES;
				CLANG_WARN_OBJC_LITERAL_CONVERSION = YES;
				CLANG_WARN_OBJC_ROOT_CLASS = YES_ERROR;
				CLANG_WARN_QUOTED_INCLUDE_IN_FRAMEWORK_HEADER = YES;
				CLANG_WARN_RANGE_LOOP_ANALYSIS = YES;
				CLANG_WARN_STRICT_PROTOTYPES = YES;
				CLANG_WARN_SUSPICIOUS_MOVE = YES;
				CLANG_WARN_UNGUARDED_AVAILABILITY = YES_AGGRESSIVE;
				CLANG_WARN_UNREACHABLE_CODE = YES;
				CLANG_WARN__DUPLICATE_METHOD_MATCH = YES;
				COPY_PHASE_STRIP = NO;
				DEBUG_INFORMATION_FORMAT = "dwarf-with-dsym";
				ENABLE_NS_ASSERTIONS = NO;
				ENABLE_STRICT_OBJC_MSGSEND = YES;
				ENABLE_USER_SCRIPT_SANDBOXING = YES;
				GCC_C_LANGUAGE_STANDARD = gnu17;
				GCC_NO_COMMON_BLOCKS = YES;
				GCC_WARN_64_TO_32_BIT_CONVERSION = YES;
				GCC_WARN_ABOUT_RETURN_TYPE = YES_ERROR;
				GCC_WARN_UNDECLARED_SELECTOR = YES;
				GCC_WARN_UNINITIALIZED_AUTOS = YES_AGGRESSIVE;
				GCC_WARN_UNUSED_FUNCTION = YES;
				GCC_WARN_UNUSED_VARIABLE = YES;
				IPHONEOS_DEPLOYMENT_TARGET = 17.4;
				LOCALIZATION_PREFERS_STRING_CATALOGS = YES;
				MTL_ENABLE_DEBUG_INFO = NO;
				MTL_FAST_MATH = YES;
				SDKROOT = iphoneos;
				SWIFT_COMPILATION_MODE = wholemodule;
				VALIDATE_PRODUCT = YES;
			};
			name = Release;
		};
		A660D2A52C0ECB6500D3A74F /* Debug */ = {
			isa = XCBuildConfiguration;
			buildSettings = {
				ASSETCATALOG_COMPILER_APPICON_NAME = AppIcon;
				ASSETCATALOG_COMPILER_GLOBAL_ACCENT_COLOR_NAME = AccentColor;
				CODE_SIGN_ENTITLEMENTS = mini2/mini2.entitlements;
				CODE_SIGN_STYLE = Automatic;
				CURRENT_PROJECT_VERSION = 1;
				DEVELOPMENT_ASSET_PATHS = "\"mini2/Preview Content\"";
				DEVELOPMENT_TEAM = N2K3R4X37B;
				ENABLE_PREVIEWS = YES;
				GENERATE_INFOPLIST_FILE = YES;
				INFOPLIST_FILE = mini2/Info.plist;
				INFOPLIST_KEY_UIApplicationSceneManifest_Generation = YES;
				INFOPLIST_KEY_UIApplicationSupportsIndirectInputEvents = YES;
				INFOPLIST_KEY_UILaunchScreen_Generation = YES;
				INFOPLIST_KEY_UISupportedInterfaceOrientations = "UIInterfaceOrientationLandscapeLeft UIInterfaceOrientationLandscapeRight";
				INFOPLIST_KEY_UISupportedInterfaceOrientations_iPad = "UIInterfaceOrientationLandscapeLeft UIInterfaceOrientationLandscapeRight UIInterfaceOrientationPortrait UIInterfaceOrientationPortraitUpsideDown";
				LD_RUNPATH_SEARCH_PATHS = (
					"$(inherited)",
					"@executable_path/Frameworks",
				);
				MARKETING_VERSION = 1.0;
				PRODUCT_BUNDLE_IDENTIFIER = swiftUI.fallOfAethel;
				PRODUCT_NAME = "$(TARGET_NAME)";
				SWIFT_EMIT_LOC_STRINGS = YES;
				SWIFT_VERSION = 5.0;
				TARGETED_DEVICE_FAMILY = "1,2";
			};
			name = Debug;
		};
		A660D2A62C0ECB6500D3A74F /* Release */ = {
			isa = XCBuildConfiguration;
			buildSettings = {
				ASSETCATALOG_COMPILER_APPICON_NAME = AppIcon;
				ASSETCATALOG_COMPILER_GLOBAL_ACCENT_COLOR_NAME = AccentColor;
				CODE_SIGN_ENTITLEMENTS = mini2/mini2.entitlements;
				CODE_SIGN_STYLE = Automatic;
				CURRENT_PROJECT_VERSION = 1;
				DEVELOPMENT_ASSET_PATHS = "\"mini2/Preview Content\"";
				DEVELOPMENT_TEAM = N2K3R4X37B;
				ENABLE_PREVIEWS = YES;
				GENERATE_INFOPLIST_FILE = YES;
				INFOPLIST_FILE = mini2/Info.plist;
				INFOPLIST_KEY_UIApplicationSceneManifest_Generation = YES;
				INFOPLIST_KEY_UIApplicationSupportsIndirectInputEvents = YES;
				INFOPLIST_KEY_UILaunchScreen_Generation = YES;
				INFOPLIST_KEY_UISupportedInterfaceOrientations = "UIInterfaceOrientationLandscapeLeft UIInterfaceOrientationLandscapeRight";
				INFOPLIST_KEY_UISupportedInterfaceOrientations_iPad = "UIInterfaceOrientationLandscapeLeft UIInterfaceOrientationLandscapeRight UIInterfaceOrientationPortrait UIInterfaceOrientationPortraitUpsideDown";
				LD_RUNPATH_SEARCH_PATHS = (
					"$(inherited)",
					"@executable_path/Frameworks",
				);
				MARKETING_VERSION = 1.0;
				PRODUCT_BUNDLE_IDENTIFIER = swiftUI.fallOfAethel;
				PRODUCT_NAME = "$(TARGET_NAME)";
				SWIFT_EMIT_LOC_STRINGS = YES;
				SWIFT_VERSION = 5.0;
				TARGETED_DEVICE_FAMILY = "1,2";
			};
			name = Release;
		};
		A660D2A82C0ECB6500D3A74F /* Debug */ = {
			isa = XCBuildConfiguration;
			buildSettings = {
				ALWAYS_EMBED_SWIFT_STANDARD_LIBRARIES = YES;
				BUNDLE_LOADER = "$(TEST_HOST)";
				CODE_SIGN_STYLE = Automatic;
				CURRENT_PROJECT_VERSION = 1;
				DEVELOPMENT_TEAM = T7SD288Q5G;
				GENERATE_INFOPLIST_FILE = YES;
				IPHONEOS_DEPLOYMENT_TARGET = 17.4;
				MARKETING_VERSION = 1.0;
				PRODUCT_BUNDLE_IDENTIFIER = swiftUI.mini2Tests;
				PRODUCT_NAME = "$(TARGET_NAME)";
				SWIFT_EMIT_LOC_STRINGS = NO;
				SWIFT_VERSION = 5.0;
				TARGETED_DEVICE_FAMILY = "1,2";
				TEST_HOST = "$(BUILT_PRODUCTS_DIR)/mini2.app/$(BUNDLE_EXECUTABLE_FOLDER_PATH)/mini2";
			};
			name = Debug;
		};
		A660D2A92C0ECB6500D3A74F /* Release */ = {
			isa = XCBuildConfiguration;
			buildSettings = {
				ALWAYS_EMBED_SWIFT_STANDARD_LIBRARIES = YES;
				BUNDLE_LOADER = "$(TEST_HOST)";
				CODE_SIGN_STYLE = Automatic;
				CURRENT_PROJECT_VERSION = 1;
				DEVELOPMENT_TEAM = T7SD288Q5G;
				GENERATE_INFOPLIST_FILE = YES;
				IPHONEOS_DEPLOYMENT_TARGET = 17.4;
				MARKETING_VERSION = 1.0;
				PRODUCT_BUNDLE_IDENTIFIER = swiftUI.mini2Tests;
				PRODUCT_NAME = "$(TARGET_NAME)";
				SWIFT_EMIT_LOC_STRINGS = NO;
				SWIFT_VERSION = 5.0;
				TARGETED_DEVICE_FAMILY = "1,2";
				TEST_HOST = "$(BUILT_PRODUCTS_DIR)/mini2.app/$(BUNDLE_EXECUTABLE_FOLDER_PATH)/mini2";
			};
			name = Release;
		};
		A660D2AB2C0ECB6500D3A74F /* Debug */ = {
			isa = XCBuildConfiguration;
			buildSettings = {
				ALWAYS_EMBED_SWIFT_STANDARD_LIBRARIES = YES;
				CODE_SIGN_STYLE = Automatic;
				CURRENT_PROJECT_VERSION = 1;
				DEVELOPMENT_TEAM = T7SD288Q5G;
				GENERATE_INFOPLIST_FILE = YES;
				MARKETING_VERSION = 1.0;
				PRODUCT_BUNDLE_IDENTIFIER = swiftUI.mini2UITests;
				PRODUCT_NAME = "$(TARGET_NAME)";
				SWIFT_EMIT_LOC_STRINGS = NO;
				SWIFT_VERSION = 5.0;
				TARGETED_DEVICE_FAMILY = "1,2";
				TEST_TARGET_NAME = mini2;
			};
			name = Debug;
		};
		A660D2AC2C0ECB6500D3A74F /* Release */ = {
			isa = XCBuildConfiguration;
			buildSettings = {
				ALWAYS_EMBED_SWIFT_STANDARD_LIBRARIES = YES;
				CODE_SIGN_STYLE = Automatic;
				CURRENT_PROJECT_VERSION = 1;
				DEVELOPMENT_TEAM = T7SD288Q5G;
				GENERATE_INFOPLIST_FILE = YES;
				MARKETING_VERSION = 1.0;
				PRODUCT_BUNDLE_IDENTIFIER = swiftUI.mini2UITests;
				PRODUCT_NAME = "$(TARGET_NAME)";
				SWIFT_EMIT_LOC_STRINGS = NO;
				SWIFT_VERSION = 5.0;
				TARGETED_DEVICE_FAMILY = "1,2";
				TEST_TARGET_NAME = mini2;
			};
			name = Release;
		};
/* End XCBuildConfiguration section */

/* Begin XCConfigurationList section */
		A660D27B2C0ECB6400D3A74F /* Build configuration list for PBXProject "mini2" */ = {
			isa = XCConfigurationList;
			buildConfigurations = (
				A660D2A22C0ECB6500D3A74F /* Debug */,
				A660D2A32C0ECB6500D3A74F /* Release */,
			);
			defaultConfigurationIsVisible = 0;
			defaultConfigurationName = Release;
		};
		A660D2A42C0ECB6500D3A74F /* Build configuration list for PBXNativeTarget "mini2" */ = {
			isa = XCConfigurationList;
			buildConfigurations = (
				A660D2A52C0ECB6500D3A74F /* Debug */,
				A660D2A62C0ECB6500D3A74F /* Release */,
			);
			defaultConfigurationIsVisible = 0;
			defaultConfigurationName = Release;
		};
		A660D2A72C0ECB6500D3A74F /* Build configuration list for PBXNativeTarget "mini2Tests" */ = {
			isa = XCConfigurationList;
			buildConfigurations = (
				A660D2A82C0ECB6500D3A74F /* Debug */,
				A660D2A92C0ECB6500D3A74F /* Release */,
			);
			defaultConfigurationIsVisible = 0;
			defaultConfigurationName = Release;
		};
		A660D2AA2C0ECB6500D3A74F /* Build configuration list for PBXNativeTarget "mini2UITests" */ = {
			isa = XCConfigurationList;
			buildConfigurations = (
				A660D2AB2C0ECB6500D3A74F /* Debug */,
				A660D2AC2C0ECB6500D3A74F /* Release */,
			);
			defaultConfigurationIsVisible = 0;
			defaultConfigurationName = Release;
		};
/* End XCConfigurationList section */
	};
	rootObject = A660D2782C0ECB6400D3A74F /* Project object */;
}
